// !$*UTF8*$!
{
	archiveVersion = 1;
	classes = {
	};
	objectVersion = 51;
	objects = {

/* Begin PBXBuildFile section */
		082781BB24F0FEB1009885DD /* AppDelegate.swift in Sources */ = {isa = PBXBuildFile; fileRef = 082781BA24F0FEB1009885DD /* AppDelegate.swift */; };
		082781C524F0FEB1009885DD /* NIBM_COVID19.xcdatamodeld in Sources */ = {isa = PBXBuildFile; fileRef = 082781C324F0FEB1009885DD /* NIBM_COVID19.xcdatamodeld */; };
		082781C724F0FEB4009885DD /* Assets.xcassets in Resources */ = {isa = PBXBuildFile; fileRef = 082781C624F0FEB4009885DD /* Assets.xcassets */; };
		082781CA24F0FEB4009885DD /* LaunchScreen.storyboard in Resources */ = {isa = PBXBuildFile; fileRef = 082781C824F0FEB4009885DD /* LaunchScreen.storyboard */; };
		082781D524F0FEB5009885DD /* NIBM_COVID19Tests.swift in Sources */ = {isa = PBXBuildFile; fileRef = 082781D424F0FEB5009885DD /* NIBM_COVID19Tests.swift */; };
		082781E024F0FEB5009885DD /* NIBM_COVID19UITests.swift in Sources */ = {isa = PBXBuildFile; fileRef = 082781DF24F0FEB5009885DD /* NIBM_COVID19UITests.swift */; };
		082781F524F10D18009885DD /* extension.swift in Sources */ = {isa = PBXBuildFile; fileRef = 082781F424F10D18009885DD /* extension.swift */; };
		082781F724F1140C009885DD /* LoginViewController.swift in Sources */ = {isa = PBXBuildFile; fileRef = 082781F624F1140C009885DD /* LoginViewController.swift */; };
		082781F924F114B6009885DD /* SplashscreenViewController.swift in Sources */ = {isa = PBXBuildFile; fileRef = 082781F824F114B6009885DD /* SplashscreenViewController.swift */; };
		0845D84924F612AC00B2FF71 /* CustomAuthButtonUI.swift in Sources */ = {isa = PBXBuildFile; fileRef = 0845D84824F612AC00B2FF71 /* CustomAuthButtonUI.swift */; };
		0845D84B24F61ED000B2FF71 /* GoogleService-Info.plist in Resources */ = {isa = PBXBuildFile; fileRef = 0845D84A24F61ED000B2FF71 /* GoogleService-Info.plist */; };
		0845D84D24F6292500B2FF71 /* HomeViewController.swift in Sources */ = {isa = PBXBuildFile; fileRef = 0845D84C24F6292500B2FF71 /* HomeViewController.swift */; };
		0845D84F24F62F6700B2FF71 /* UpdateViewController.swift in Sources */ = {isa = PBXBuildFile; fileRef = 0845D84E24F62F6700B2FF71 /* UpdateViewController.swift */; };
		0845D85124F62F7900B2FF71 /* SettingViewController.swift in Sources */ = {isa = PBXBuildFile; fileRef = 0845D85024F62F7900B2FF71 /* SettingViewController.swift */; };
		08467FB724F1707300355C5B /* MainTabBarController.swift in Sources */ = {isa = PBXBuildFile; fileRef = 08467FB624F1707300355C5B /* MainTabBarController.swift */; };
		084B825C2510C38800F7C951 /* ProfileViewController.swift in Sources */ = {isa = PBXBuildFile; fileRef = 084B825B2510C38800F7C951 /* ProfileViewController.swift */; };
		084ECFCA24F4DDBB00BF2883 /* SignUpViewController.swift in Sources */ = {isa = PBXBuildFile; fileRef = 084ECFC924F4DDBB00BF2883 /* SignUpViewController.swift */; };
		0852563724FE4D0100543AE4 /* SurveyCollectionViewCell.swift in Sources */ = {isa = PBXBuildFile; fileRef = 0852563624FE4D0100543AE4 /* SurveyCollectionViewCell.swift */; };
		0852563924FE50F800543AE4 /* SurveyResultViewController.swift in Sources */ = {isa = PBXBuildFile; fileRef = 0852563824FE50F800543AE4 /* SurveyResultViewController.swift */; };
		0859B8C925120AF500A82873 /* Service.swift in Sources */ = {isa = PBXBuildFile; fileRef = 0859B8C825120AF500A82873 /* Service.swift */; };
		0859B8CB25120B7E00A82873 /* LocationHandler.swift in Sources */ = {isa = PBXBuildFile; fileRef = 0859B8CA25120B7E00A82873 /* LocationHandler.swift */; };
		0859B8CD25120BD500A82873 /* User.swift in Sources */ = {isa = PBXBuildFile; fileRef = 0859B8CC25120BD500A82873 /* User.swift */; };
		0859B8CF25120D4100A82873 /* UserAnnotation.swift in Sources */ = {isa = PBXBuildFile; fileRef = 0859B8CE25120D4100A82873 /* UserAnnotation.swift */; };
		0859B8D5251218BC00A82873 /* LocationInputUIView.swift in Sources */ = {isa = PBXBuildFile; fileRef = 0859B8D4251218BC00A82873 /* LocationInputUIView.swift */; };
		0859B91D24FE3DE800BD84EA /* SurveyViewController.swift in Sources */ = {isa = PBXBuildFile; fileRef = 0859B91C24FE3DE800BD84EA /* SurveyViewController.swift */; };
		08628A2B2510DDBC007B070E /* SafeActionViewController.swift in Sources */ = {isa = PBXBuildFile; fileRef = 08628A2A2510DDBC007B070E /* SafeActionViewController.swift */; };
		086DAF5425111A2700834E01 /* SafeActionCollectionViewCell.swift in Sources */ = {isa = PBXBuildFile; fileRef = 086DAF5325111A2700834E01 /* SafeActionCollectionViewCell.swift */; };
		700D8CC4E2B2D599D6EFED1F /* Pods_NIBM_COVID19.framework in Frameworks */ = {isa = PBXBuildFile; fileRef = 08BAC6D017347D07EE7A9854 /* Pods_NIBM_COVID19.framework */; };
		8E807A500B6D4D2662E4E334 /* Pods_NIBM_COVID19Tests.framework in Frameworks */ = {isa = PBXBuildFile; fileRef = 404CA6FD4BC6111E4ADA1067 /* Pods_NIBM_COVID19Tests.framework */; };
		9826394BBDAC26B0EDEB9218 /* Pods_NIBM_COVID19_NIBM_COVID19UITests.framework in Frameworks */ = {isa = PBXBuildFile; fileRef = AA7D0D43881A36106CDBF410 /* Pods_NIBM_COVID19_NIBM_COVID19UITests.framework */; };
/* End PBXBuildFile section */

/* Begin PBXContainerItemProxy section */
		082781D124F0FEB5009885DD /* PBXContainerItemProxy */ = {
			isa = PBXContainerItemProxy;
			containerPortal = 082781AF24F0FEB1009885DD /* Project object */;
			proxyType = 1;
			remoteGlobalIDString = 082781B624F0FEB1009885DD;
			remoteInfo = "NIBM COVID19";
		};
		082781DC24F0FEB5009885DD /* PBXContainerItemProxy */ = {
			isa = PBXContainerItemProxy;
			containerPortal = 082781AF24F0FEB1009885DD /* Project object */;
			proxyType = 1;
			remoteGlobalIDString = 082781B624F0FEB1009885DD;
			remoteInfo = "NIBM COVID19";
		};
/* End PBXContainerItemProxy section */

/* Begin PBXFileReference section */
		082781B724F0FEB1009885DD /* NIBM COVID19.app */ = {isa = PBXFileReference; explicitFileType = wrapper.application; includeInIndex = 0; path = "NIBM COVID19.app"; sourceTree = BUILT_PRODUCTS_DIR; };
		082781BA24F0FEB1009885DD /* AppDelegate.swift */ = {isa = PBXFileReference; lastKnownFileType = sourcecode.swift; path = AppDelegate.swift; sourceTree = "<group>"; };
		082781C424F0FEB1009885DD /* NIBM_COVID19.xcdatamodel */ = {isa = PBXFileReference; lastKnownFileType = wrapper.xcdatamodel; path = NIBM_COVID19.xcdatamodel; sourceTree = "<group>"; };
		082781C624F0FEB4009885DD /* Assets.xcassets */ = {isa = PBXFileReference; lastKnownFileType = folder.assetcatalog; path = Assets.xcassets; sourceTree = "<group>"; };
		082781C924F0FEB4009885DD /* Base */ = {isa = PBXFileReference; lastKnownFileType = file.storyboard; name = Base; path = Base.lproj/LaunchScreen.storyboard; sourceTree = "<group>"; };
		082781CB24F0FEB4009885DD /* Info.plist */ = {isa = PBXFileReference; lastKnownFileType = text.plist.xml; path = Info.plist; sourceTree = "<group>"; };
		082781D024F0FEB5009885DD /* NIBM COVID19Tests.xctest */ = {isa = PBXFileReference; explicitFileType = wrapper.cfbundle; includeInIndex = 0; path = "NIBM COVID19Tests.xctest"; sourceTree = BUILT_PRODUCTS_DIR; };
		082781D424F0FEB5009885DD /* NIBM_COVID19Tests.swift */ = {isa = PBXFileReference; lastKnownFileType = sourcecode.swift; path = NIBM_COVID19Tests.swift; sourceTree = "<group>"; };
		082781D624F0FEB5009885DD /* Info.plist */ = {isa = PBXFileReference; lastKnownFileType = text.plist.xml; path = Info.plist; sourceTree = "<group>"; };
		082781DB24F0FEB5009885DD /* NIBM COVID19UITests.xctest */ = {isa = PBXFileReference; explicitFileType = wrapper.cfbundle; includeInIndex = 0; path = "NIBM COVID19UITests.xctest"; sourceTree = BUILT_PRODUCTS_DIR; };
		082781DF24F0FEB5009885DD /* NIBM_COVID19UITests.swift */ = {isa = PBXFileReference; lastKnownFileType = sourcecode.swift; path = NIBM_COVID19UITests.swift; sourceTree = "<group>"; };
		082781E124F0FEB5009885DD /* Info.plist */ = {isa = PBXFileReference; lastKnownFileType = text.plist.xml; path = Info.plist; sourceTree = "<group>"; };
		082781F424F10D18009885DD /* extension.swift */ = {isa = PBXFileReference; lastKnownFileType = sourcecode.swift; path = extension.swift; sourceTree = "<group>"; };
		082781F624F1140C009885DD /* LoginViewController.swift */ = {isa = PBXFileReference; lastKnownFileType = sourcecode.swift; path = LoginViewController.swift; sourceTree = "<group>"; };
		082781F824F114B6009885DD /* SplashscreenViewController.swift */ = {isa = PBXFileReference; lastKnownFileType = sourcecode.swift; path = SplashscreenViewController.swift; sourceTree = "<group>"; };
		0845D84824F612AC00B2FF71 /* CustomAuthButtonUI.swift */ = {isa = PBXFileReference; lastKnownFileType = sourcecode.swift; path = CustomAuthButtonUI.swift; sourceTree = "<group>"; };
		0845D84A24F61ED000B2FF71 /* GoogleService-Info.plist */ = {isa = PBXFileReference; fileEncoding = 4; lastKnownFileType = text.plist.xml; name = "GoogleService-Info.plist"; path = "../../../../Downloads/GoogleService-Info.plist"; sourceTree = "<group>"; };
		0845D84C24F6292500B2FF71 /* HomeViewController.swift */ = {isa = PBXFileReference; lastKnownFileType = sourcecode.swift; path = HomeViewController.swift; sourceTree = "<group>"; };
		0845D84E24F62F6700B2FF71 /* UpdateViewController.swift */ = {isa = PBXFileReference; lastKnownFileType = sourcecode.swift; path = UpdateViewController.swift; sourceTree = "<group>"; };
		0845D85024F62F7900B2FF71 /* SettingViewController.swift */ = {isa = PBXFileReference; lastKnownFileType = sourcecode.swift; path = SettingViewController.swift; sourceTree = "<group>"; };
		08467FB624F1707300355C5B /* MainTabBarController.swift */ = {isa = PBXFileReference; lastKnownFileType = sourcecode.swift; path = MainTabBarController.swift; sourceTree = "<group>"; };
		084B825B2510C38800F7C951 /* ProfileViewController.swift */ = {isa = PBXFileReference; lastKnownFileType = sourcecode.swift; path = ProfileViewController.swift; sourceTree = "<group>"; };
		084ECFC924F4DDBB00BF2883 /* SignUpViewController.swift */ = {isa = PBXFileReference; lastKnownFileType = sourcecode.swift; path = SignUpViewController.swift; sourceTree = "<group>"; };
		0852563624FE4D0100543AE4 /* SurveyCollectionViewCell.swift */ = {isa = PBXFileReference; lastKnownFileType = sourcecode.swift; path = SurveyCollectionViewCell.swift; sourceTree = "<group>"; };
		0852563824FE50F800543AE4 /* SurveyResultViewController.swift */ = {isa = PBXFileReference; lastKnownFileType = sourcecode.swift; path = SurveyResultViewController.swift; sourceTree = "<group>"; };
		0859B8C825120AF500A82873 /* Service.swift */ = {isa = PBXFileReference; lastKnownFileType = sourcecode.swift; path = Service.swift; sourceTree = "<group>"; };
		0859B8CA25120B7E00A82873 /* LocationHandler.swift */ = {isa = PBXFileReference; lastKnownFileType = sourcecode.swift; path = LocationHandler.swift; sourceTree = "<group>"; };
		0859B8CC25120BD500A82873 /* User.swift */ = {isa = PBXFileReference; lastKnownFileType = sourcecode.swift; path = User.swift; sourceTree = "<group>"; };
		0859B8CE25120D4100A82873 /* UserAnnotation.swift */ = {isa = PBXFileReference; lastKnownFileType = sourcecode.swift; path = UserAnnotation.swift; sourceTree = "<group>"; };
		0859B8D4251218BC00A82873 /* LocationInputUIView.swift */ = {isa = PBXFileReference; lastKnownFileType = sourcecode.swift; path = LocationInputUIView.swift; sourceTree = "<group>"; };
		0859B91C24FE3DE800BD84EA /* SurveyViewController.swift */ = {isa = PBXFileReference; lastKnownFileType = sourcecode.swift; path = SurveyViewController.swift; sourceTree = "<group>"; };
		08628A2A2510DDBC007B070E /* SafeActionViewController.swift */ = {isa = PBXFileReference; lastKnownFileType = sourcecode.swift; path = SafeActionViewController.swift; sourceTree = "<group>"; };
		086DAF5325111A2700834E01 /* SafeActionCollectionViewCell.swift */ = {isa = PBXFileReference; lastKnownFileType = sourcecode.swift; path = SafeActionCollectionViewCell.swift; sourceTree = "<group>"; };
		08BAC6D017347D07EE7A9854 /* Pods_NIBM_COVID19.framework */ = {isa = PBXFileReference; explicitFileType = wrapper.framework; includeInIndex = 0; path = Pods_NIBM_COVID19.framework; sourceTree = BUILT_PRODUCTS_DIR; };
		0E2514DA5A2C16A2134C7A7C /* Pods-NIBM COVID19Tests.release.xcconfig */ = {isa = PBXFileReference; includeInIndex = 1; lastKnownFileType = text.xcconfig; name = "Pods-NIBM COVID19Tests.release.xcconfig"; path = "Target Support Files/Pods-NIBM COVID19Tests/Pods-NIBM COVID19Tests.release.xcconfig"; sourceTree = "<group>"; };
		404CA6FD4BC6111E4ADA1067 /* Pods_NIBM_COVID19Tests.framework */ = {isa = PBXFileReference; explicitFileType = wrapper.framework; includeInIndex = 0; path = Pods_NIBM_COVID19Tests.framework; sourceTree = BUILT_PRODUCTS_DIR; };
		60E9E9DBF79CA6A0152659A8 /* Pods-NIBM COVID19.debug.xcconfig */ = {isa = PBXFileReference; includeInIndex = 1; lastKnownFileType = text.xcconfig; name = "Pods-NIBM COVID19.debug.xcconfig"; path = "Target Support Files/Pods-NIBM COVID19/Pods-NIBM COVID19.debug.xcconfig"; sourceTree = "<group>"; };
		69DD9CC9151B2B7AA33D0352 /* Pods-NIBM COVID19.release.xcconfig */ = {isa = PBXFileReference; includeInIndex = 1; lastKnownFileType = text.xcconfig; name = "Pods-NIBM COVID19.release.xcconfig"; path = "Target Support Files/Pods-NIBM COVID19/Pods-NIBM COVID19.release.xcconfig"; sourceTree = "<group>"; };
		7C1C83DD3F2C42F1B25183B8 /* Pods-NIBM COVID19-NIBM COVID19UITests.release.xcconfig */ = {isa = PBXFileReference; includeInIndex = 1; lastKnownFileType = text.xcconfig; name = "Pods-NIBM COVID19-NIBM COVID19UITests.release.xcconfig"; path = "Target Support Files/Pods-NIBM COVID19-NIBM COVID19UITests/Pods-NIBM COVID19-NIBM COVID19UITests.release.xcconfig"; sourceTree = "<group>"; };
		8D356673F3EA0F76EF01AB46 /* Pods-NIBM COVID19-NIBM COVID19UITests.debug.xcconfig */ = {isa = PBXFileReference; includeInIndex = 1; lastKnownFileType = text.xcconfig; name = "Pods-NIBM COVID19-NIBM COVID19UITests.debug.xcconfig"; path = "Target Support Files/Pods-NIBM COVID19-NIBM COVID19UITests/Pods-NIBM COVID19-NIBM COVID19UITests.debug.xcconfig"; sourceTree = "<group>"; };
		AA7D0D43881A36106CDBF410 /* Pods_NIBM_COVID19_NIBM_COVID19UITests.framework */ = {isa = PBXFileReference; explicitFileType = wrapper.framework; includeInIndex = 0; path = Pods_NIBM_COVID19_NIBM_COVID19UITests.framework; sourceTree = BUILT_PRODUCTS_DIR; };
		D3C56305801510C02EE1606F /* Pods-NIBM COVID19Tests.debug.xcconfig */ = {isa = PBXFileReference; includeInIndex = 1; lastKnownFileType = text.xcconfig; name = "Pods-NIBM COVID19Tests.debug.xcconfig"; path = "Target Support Files/Pods-NIBM COVID19Tests/Pods-NIBM COVID19Tests.debug.xcconfig"; sourceTree = "<group>"; };
/* End PBXFileReference section */

/* Begin PBXFrameworksBuildPhase section */
		082781B424F0FEB1009885DD /* Frameworks */ = {
			isa = PBXFrameworksBuildPhase;
			buildActionMask = 2147483647;
			files = (
				700D8CC4E2B2D599D6EFED1F /* Pods_NIBM_COVID19.framework in Frameworks */,
			);
			runOnlyForDeploymentPostprocessing = 0;
		};
		082781CD24F0FEB5009885DD /* Frameworks */ = {
			isa = PBXFrameworksBuildPhase;
			buildActionMask = 2147483647;
			files = (
				8E807A500B6D4D2662E4E334 /* Pods_NIBM_COVID19Tests.framework in Frameworks */,
			);
			runOnlyForDeploymentPostprocessing = 0;
		};
		082781D824F0FEB5009885DD /* Frameworks */ = {
			isa = PBXFrameworksBuildPhase;
			buildActionMask = 2147483647;
			files = (
				9826394BBDAC26B0EDEB9218 /* Pods_NIBM_COVID19_NIBM_COVID19UITests.framework in Frameworks */,
			);
			runOnlyForDeploymentPostprocessing = 0;
		};
/* End PBXFrameworksBuildPhase section */

/* Begin PBXGroup section */
		082781AE24F0FEB1009885DD = {
			isa = PBXGroup;
			children = (
				082781B924F0FEB1009885DD /* NIBM COVID19 */,
				082781D324F0FEB5009885DD /* NIBM COVID19Tests */,
				082781DE24F0FEB5009885DD /* NIBM COVID19UITests */,
				082781B824F0FEB1009885DD /* Products */,
				5983F20F50DBFA8240C3F4C5 /* Pods */,
				3126A2BB6BE3C8D9685793C2 /* Frameworks */,
			);
			sourceTree = "<group>";
		};
		082781B824F0FEB1009885DD /* Products */ = {
			isa = PBXGroup;
			children = (
				082781B724F0FEB1009885DD /* NIBM COVID19.app */,
				082781D024F0FEB5009885DD /* NIBM COVID19Tests.xctest */,
				082781DB24F0FEB5009885DD /* NIBM COVID19UITests.xctest */,
			);
			name = Products;
			sourceTree = "<group>";
		};
		082781B924F0FEB1009885DD /* NIBM COVID19 */ = {
			isa = PBXGroup;
			children = (
				082781F124F10087009885DD /* Utils */,
				082781F024F1007F009885DD /* Service */,
				082781EF24F1004B009885DD /* Controller */,
				082781EE24F10044009885DD /* View */,
				082781ED24F1003C009885DD /* Model */,
				082781BA24F0FEB1009885DD /* AppDelegate.swift */,
				082781C624F0FEB4009885DD /* Assets.xcassets */,
				082781C824F0FEB4009885DD /* LaunchScreen.storyboard */,
				082781CB24F0FEB4009885DD /* Info.plist */,
				0845D84A24F61ED000B2FF71 /* GoogleService-Info.plist */,
				082781C324F0FEB1009885DD /* NIBM_COVID19.xcdatamodeld */,
			);
			path = "NIBM COVID19";
			sourceTree = "<group>";
		};
		082781D324F0FEB5009885DD /* NIBM COVID19Tests */ = {
			isa = PBXGroup;
			children = (
				082781D424F0FEB5009885DD /* NIBM_COVID19Tests.swift */,
				082781D624F0FEB5009885DD /* Info.plist */,
			);
			path = "NIBM COVID19Tests";
			sourceTree = "<group>";
		};
		082781DE24F0FEB5009885DD /* NIBM COVID19UITests */ = {
			isa = PBXGroup;
			children = (
				082781DF24F0FEB5009885DD /* NIBM_COVID19UITests.swift */,
				082781E124F0FEB5009885DD /* Info.plist */,
			);
			path = "NIBM COVID19UITests";
			sourceTree = "<group>";
		};
		082781ED24F1003C009885DD /* Model */ = {
			isa = PBXGroup;
			children = (
				0859B8CC25120BD500A82873 /* User.swift */,
				0859B8CE25120D4100A82873 /* UserAnnotation.swift */,
			);
			path = Model;
			sourceTree = "<group>";
		};
		082781EE24F10044009885DD /* View */ = {
			isa = PBXGroup;
			children = (
				0845D84824F612AC00B2FF71 /* CustomAuthButtonUI.swift */,
				0859B8D4251218BC00A82873 /* LocationInputUIView.swift */,
			);
			path = View;
			sourceTree = "<group>";
		};
		082781EF24F1004B009885DD /* Controller */ = {
			isa = PBXGroup;
			children = (
				082781F624F1140C009885DD /* LoginViewController.swift */,
				082781F824F114B6009885DD /* SplashscreenViewController.swift */,
				08467FB624F1707300355C5B /* MainTabBarController.swift */,
				084ECFC924F4DDBB00BF2883 /* SignUpViewController.swift */,
				0845D84C24F6292500B2FF71 /* HomeViewController.swift */,
				0845D84E24F62F6700B2FF71 /* UpdateViewController.swift */,
				0845D85024F62F7900B2FF71 /* SettingViewController.swift */,
				0859B91C24FE3DE800BD84EA /* SurveyViewController.swift */,
				0852563624FE4D0100543AE4 /* SurveyCollectionViewCell.swift */,
				0852563824FE50F800543AE4 /* SurveyResultViewController.swift */,
				084B825B2510C38800F7C951 /* ProfileViewController.swift */,
				08628A2A2510DDBC007B070E /* SafeActionViewController.swift */,
				086DAF5325111A2700834E01 /* SafeActionCollectionViewCell.swift */,
			);
			path = Controller;
			sourceTree = "<group>";
		};
		082781F024F1007F009885DD /* Service */ = {
			isa = PBXGroup;
			children = (
				0859B8C825120AF500A82873 /* Service.swift */,
			);
			path = Service;
			sourceTree = "<group>";
		};
		082781F124F10087009885DD /* Utils */ = {
			isa = PBXGroup;
			children = (
				082781F424F10D18009885DD /* extension.swift */,
				0859B8CA25120B7E00A82873 /* LocationHandler.swift */,
			);
			path = Utils;
			sourceTree = "<group>";
		};
		3126A2BB6BE3C8D9685793C2 /* Frameworks */ = {
			isa = PBXGroup;
			children = (
				08BAC6D017347D07EE7A9854 /* Pods_NIBM_COVID19.framework */,
				AA7D0D43881A36106CDBF410 /* Pods_NIBM_COVID19_NIBM_COVID19UITests.framework */,
				404CA6FD4BC6111E4ADA1067 /* Pods_NIBM_COVID19Tests.framework */,
			);
			name = Frameworks;
			sourceTree = "<group>";
		};
		5983F20F50DBFA8240C3F4C5 /* Pods */ = {
			isa = PBXGroup;
			children = (
				60E9E9DBF79CA6A0152659A8 /* Pods-NIBM COVID19.debug.xcconfig */,
				69DD9CC9151B2B7AA33D0352 /* Pods-NIBM COVID19.release.xcconfig */,
				8D356673F3EA0F76EF01AB46 /* Pods-NIBM COVID19-NIBM COVID19UITests.debug.xcconfig */,
				7C1C83DD3F2C42F1B25183B8 /* Pods-NIBM COVID19-NIBM COVID19UITests.release.xcconfig */,
				D3C56305801510C02EE1606F /* Pods-NIBM COVID19Tests.debug.xcconfig */,
				0E2514DA5A2C16A2134C7A7C /* Pods-NIBM COVID19Tests.release.xcconfig */,
			);
			path = Pods;
			sourceTree = "<group>";
		};
/* End PBXGroup section */

/* Begin PBXNativeTarget section */
		082781B624F0FEB1009885DD /* NIBM COVID19 */ = {
			isa = PBXNativeTarget;
			buildConfigurationList = 082781E424F0FEB5009885DD /* Build configuration list for PBXNativeTarget "NIBM COVID19" */;
			buildPhases = (
				A166CB8009AE31A690557DE6 /* [CP] Check Pods Manifest.lock */,
				082781B324F0FEB1009885DD /* Sources */,
				082781B424F0FEB1009885DD /* Frameworks */,
				082781B524F0FEB1009885DD /* Resources */,
				3C322A62D70E0495D9BDA89D /* [CP] Embed Pods Frameworks */,
			);
			buildRules = (
			);
			dependencies = (
			);
			name = "NIBM COVID19";
			productName = "NIBM COVID19";
			productReference = 082781B724F0FEB1009885DD /* NIBM COVID19.app */;
			productType = "com.apple.product-type.application";
		};
		082781CF24F0FEB5009885DD /* NIBM COVID19Tests */ = {
			isa = PBXNativeTarget;
			buildConfigurationList = 082781E724F0FEB5009885DD /* Build configuration list for PBXNativeTarget "NIBM COVID19Tests" */;
			buildPhases = (
				245D1F917011B5E7710B3E9D /* [CP] Check Pods Manifest.lock */,
				082781CC24F0FEB5009885DD /* Sources */,
				082781CD24F0FEB5009885DD /* Frameworks */,
				082781CE24F0FEB5009885DD /* Resources */,
			);
			buildRules = (
			);
			dependencies = (
				082781D224F0FEB5009885DD /* PBXTargetDependency */,
			);
			name = "NIBM COVID19Tests";
			productName = "NIBM COVID19Tests";
			productReference = 082781D024F0FEB5009885DD /* NIBM COVID19Tests.xctest */;
			productType = "com.apple.product-type.bundle.unit-test";
		};
		082781DA24F0FEB5009885DD /* NIBM COVID19UITests */ = {
			isa = PBXNativeTarget;
			buildConfigurationList = 082781EA24F0FEB5009885DD /* Build configuration list for PBXNativeTarget "NIBM COVID19UITests" */;
			buildPhases = (
				4DD34E5337E49D0D6B978824 /* [CP] Check Pods Manifest.lock */,
				082781D724F0FEB5009885DD /* Sources */,
				082781D824F0FEB5009885DD /* Frameworks */,
				082781D924F0FEB5009885DD /* Resources */,
				B908F274BD3007C331D29DD7 /* [CP] Embed Pods Frameworks */,
			);
			buildRules = (
			);
			dependencies = (
				082781DD24F0FEB5009885DD /* PBXTargetDependency */,
			);
			name = "NIBM COVID19UITests";
			productName = "NIBM COVID19UITests";
			productReference = 082781DB24F0FEB5009885DD /* NIBM COVID19UITests.xctest */;
			productType = "com.apple.product-type.bundle.ui-testing";
		};
/* End PBXNativeTarget section */

/* Begin PBXProject section */
		082781AF24F0FEB1009885DD /* Project object */ = {
			isa = PBXProject;
			attributes = {
				LastSwiftUpdateCheck = 1160;
				LastUpgradeCheck = 1160;
				ORGANIZATIONNAME = "Mohamed Minsaf";
				TargetAttributes = {
					082781B624F0FEB1009885DD = {
						CreatedOnToolsVersion = 11.6;
					};
					082781CF24F0FEB5009885DD = {
						CreatedOnToolsVersion = 11.6;
						TestTargetID = 082781B624F0FEB1009885DD;
					};
					082781DA24F0FEB5009885DD = {
						CreatedOnToolsVersion = 11.6;
						TestTargetID = 082781B624F0FEB1009885DD;
					};
				};
			};
			buildConfigurationList = 082781B224F0FEB1009885DD /* Build configuration list for PBXProject "NIBM COVID19" */;
			compatibilityVersion = "Xcode 9.3";
			developmentRegion = en;
			hasScannedForEncodings = 0;
			knownRegions = (
				en,
				Base,
			);
			mainGroup = 082781AE24F0FEB1009885DD;
			productRefGroup = 082781B824F0FEB1009885DD /* Products */;
			projectDirPath = "";
			projectRoot = "";
			targets = (
				082781B624F0FEB1009885DD /* NIBM COVID19 */,
				082781CF24F0FEB5009885DD /* NIBM COVID19Tests */,
				082781DA24F0FEB5009885DD /* NIBM COVID19UITests */,
			);
		};
/* End PBXProject section */

/* Begin PBXResourcesBuildPhase section */
		082781B524F0FEB1009885DD /* Resources */ = {
			isa = PBXResourcesBuildPhase;
			buildActionMask = 2147483647;
			files = (
				082781CA24F0FEB4009885DD /* LaunchScreen.storyboard in Resources */,
				082781C724F0FEB4009885DD /* Assets.xcassets in Resources */,
				0845D84B24F61ED000B2FF71 /* GoogleService-Info.plist in Resources */,
			);
			runOnlyForDeploymentPostprocessing = 0;
		};
		082781CE24F0FEB5009885DD /* Resources */ = {
			isa = PBXResourcesBuildPhase;
			buildActionMask = 2147483647;
			files = (
			);
			runOnlyForDeploymentPostprocessing = 0;
		};
		082781D924F0FEB5009885DD /* Resources */ = {
			isa = PBXResourcesBuildPhase;
			buildActionMask = 2147483647;
			files = (
			);
			runOnlyForDeploymentPostprocessing = 0;
		};
/* End PBXResourcesBuildPhase section */

/* Begin PBXShellScriptBuildPhase section */
		245D1F917011B5E7710B3E9D /* [CP] Check Pods Manifest.lock */ = {
			isa = PBXShellScriptBuildPhase;
			buildActionMask = 2147483647;
			files = (
			);
			inputFileListPaths = (
			);
			inputPaths = (
				"${PODS_PODFILE_DIR_PATH}/Podfile.lock",
				"${PODS_ROOT}/Manifest.lock",
			);
			name = "[CP] Check Pods Manifest.lock";
			outputFileListPaths = (
			);
			outputPaths = (
				"$(DERIVED_FILE_DIR)/Pods-NIBM COVID19Tests-checkManifestLockResult.txt",
			);
			runOnlyForDeploymentPostprocessing = 0;
			shellPath = /bin/sh;
			shellScript = "diff \"${PODS_PODFILE_DIR_PATH}/Podfile.lock\" \"${PODS_ROOT}/Manifest.lock\" > /dev/null\nif [ $? != 0 ] ; then\n    # print error to STDERR\n    echo \"error: The sandbox is not in sync with the Podfile.lock. Run 'pod install' or update your CocoaPods installation.\" >&2\n    exit 1\nfi\n# This output is used by Xcode 'outputs' to avoid re-running this script phase.\necho \"SUCCESS\" > \"${SCRIPT_OUTPUT_FILE_0}\"\n";
			showEnvVarsInLog = 0;
		};
		3C322A62D70E0495D9BDA89D /* [CP] Embed Pods Frameworks */ = {
			isa = PBXShellScriptBuildPhase;
			buildActionMask = 2147483647;
			files = (
			);
			inputFileListPaths = (
				"${PODS_ROOT}/Target Support Files/Pods-NIBM COVID19/Pods-NIBM COVID19-frameworks-${CONFIGURATION}-input-files.xcfilelist",
			);
			name = "[CP] Embed Pods Frameworks";
			outputFileListPaths = (
				"${PODS_ROOT}/Target Support Files/Pods-NIBM COVID19/Pods-NIBM COVID19-frameworks-${CONFIGURATION}-output-files.xcfilelist",
			);
			runOnlyForDeploymentPostprocessing = 0;
			shellPath = /bin/sh;
			shellScript = "\"${PODS_ROOT}/Target Support Files/Pods-NIBM COVID19/Pods-NIBM COVID19-frameworks.sh\"\n";
			showEnvVarsInLog = 0;
		};
		4DD34E5337E49D0D6B978824 /* [CP] Check Pods Manifest.lock */ = {
			isa = PBXShellScriptBuildPhase;
			buildActionMask = 2147483647;
			files = (
			);
			inputFileListPaths = (
			);
			inputPaths = (
				"${PODS_PODFILE_DIR_PATH}/Podfile.lock",
				"${PODS_ROOT}/Manifest.lock",
			);
			name = "[CP] Check Pods Manifest.lock";
			outputFileListPaths = (
			);
			outputPaths = (
				"$(DERIVED_FILE_DIR)/Pods-NIBM COVID19-NIBM COVID19UITests-checkManifestLockResult.txt",
			);
			runOnlyForDeploymentPostprocessing = 0;
			shellPath = /bin/sh;
			shellScript = "diff \"${PODS_PODFILE_DIR_PATH}/Podfile.lock\" \"${PODS_ROOT}/Manifest.lock\" > /dev/null\nif [ $? != 0 ] ; then\n    # print error to STDERR\n    echo \"error: The sandbox is not in sync with the Podfile.lock. Run 'pod install' or update your CocoaPods installation.\" >&2\n    exit 1\nfi\n# This output is used by Xcode 'outputs' to avoid re-running this script phase.\necho \"SUCCESS\" > \"${SCRIPT_OUTPUT_FILE_0}\"\n";
			showEnvVarsInLog = 0;
		};
		A166CB8009AE31A690557DE6 /* [CP] Check Pods Manifest.lock */ = {
			isa = PBXShellScriptBuildPhase;
			buildActionMask = 2147483647;
			files = (
			);
			inputFileListPaths = (
			);
			inputPaths = (
				"${PODS_PODFILE_DIR_PATH}/Podfile.lock",
				"${PODS_ROOT}/Manifest.lock",
			);
			name = "[CP] Check Pods Manifest.lock";
			outputFileListPaths = (
			);
			outputPaths = (
				"$(DERIVED_FILE_DIR)/Pods-NIBM COVID19-checkManifestLockResult.txt",
			);
			runOnlyForDeploymentPostprocessing = 0;
			shellPath = /bin/sh;
			shellScript = "diff \"${PODS_PODFILE_DIR_PATH}/Podfile.lock\" \"${PODS_ROOT}/Manifest.lock\" > /dev/null\nif [ $? != 0 ] ; then\n    # print error to STDERR\n    echo \"error: The sandbox is not in sync with the Podfile.lock. Run 'pod install' or update your CocoaPods installation.\" >&2\n    exit 1\nfi\n# This output is used by Xcode 'outputs' to avoid re-running this script phase.\necho \"SUCCESS\" > \"${SCRIPT_OUTPUT_FILE_0}\"\n";
			showEnvVarsInLog = 0;
		};
		B908F274BD3007C331D29DD7 /* [CP] Embed Pods Frameworks */ = {
			isa = PBXShellScriptBuildPhase;
			buildActionMask = 2147483647;
			files = (
			);
			inputFileListPaths = (
				"${PODS_ROOT}/Target Support Files/Pods-NIBM COVID19-NIBM COVID19UITests/Pods-NIBM COVID19-NIBM COVID19UITests-frameworks-${CONFIGURATION}-input-files.xcfilelist",
			);
			name = "[CP] Embed Pods Frameworks";
			outputFileListPaths = (
				"${PODS_ROOT}/Target Support Files/Pods-NIBM COVID19-NIBM COVID19UITests/Pods-NIBM COVID19-NIBM COVID19UITests-frameworks-${CONFIGURATION}-output-files.xcfilelist",
			);
			runOnlyForDeploymentPostprocessing = 0;
			shellPath = /bin/sh;
			shellScript = "\"${PODS_ROOT}/Target Support Files/Pods-NIBM COVID19-NIBM COVID19UITests/Pods-NIBM COVID19-NIBM COVID19UITests-frameworks.sh\"\n";
			showEnvVarsInLog = 0;
		};
/* End PBXShellScriptBuildPhase section */

/* Begin PBXSourcesBuildPhase section */
		082781B324F0FEB1009885DD /* Sources */ = {
			isa = PBXSourcesBuildPhase;
			buildActionMask = 2147483647;
			files = (
				082781F724F1140C009885DD /* LoginViewController.swift in Sources */,
				0845D85124F62F7900B2FF71 /* SettingViewController.swift in Sources */,
				084ECFCA24F4DDBB00BF2883 /* SignUpViewController.swift in Sources */,
				0845D84924F612AC00B2FF71 /* CustomAuthButtonUI.swift in Sources */,
				0852563724FE4D0100543AE4 /* SurveyCollectionViewCell.swift in Sources */,
				0859B8C925120AF500A82873 /* Service.swift in Sources */,
				08628A2B2510DDBC007B070E /* SafeActionViewController.swift in Sources */,
				082781C524F0FEB1009885DD /* NIBM_COVID19.xcdatamodeld in Sources */,
				084B825C2510C38800F7C951 /* ProfileViewController.swift in Sources */,
				0859B8CD25120BD500A82873 /* User.swift in Sources */,
				08467FB724F1707300355C5B /* MainTabBarController.swift in Sources */,
				086DAF5425111A2700834E01 /* SafeActionCollectionViewCell.swift in Sources */,
				0859B8CF25120D4100A82873 /* UserAnnotation.swift in Sources */,
				0859B8CB25120B7E00A82873 /* LocationHandler.swift in Sources */,
				0845D84D24F6292500B2FF71 /* HomeViewController.swift in Sources */,
				0852563924FE50F800543AE4 /* SurveyResultViewController.swift in Sources */,
				082781BB24F0FEB1009885DD /* AppDelegate.swift in Sources */,
				082781F924F114B6009885DD /* SplashscreenViewController.swift in Sources */,
				0859B91D24FE3DE800BD84EA /* SurveyViewController.swift in Sources */,
				082781F524F10D18009885DD /* extension.swift in Sources */,
				0859B8D5251218BC00A82873 /* LocationInputUIView.swift in Sources */,
				0845D84F24F62F6700B2FF71 /* UpdateViewController.swift in Sources */,
			);
			runOnlyForDeploymentPostprocessing = 0;
		};
		082781CC24F0FEB5009885DD /* Sources */ = {
			isa = PBXSourcesBuildPhase;
			buildActionMask = 2147483647;
			files = (
				082781D524F0FEB5009885DD /* NIBM_COVID19Tests.swift in Sources */,
			);
			runOnlyForDeploymentPostprocessing = 0;
		};
		082781D724F0FEB5009885DD /* Sources */ = {
			isa = PBXSourcesBuildPhase;
			buildActionMask = 2147483647;
			files = (
				082781E024F0FEB5009885DD /* NIBM_COVID19UITests.swift in Sources */,
			);
			runOnlyForDeploymentPostprocessing = 0;
		};
/* End PBXSourcesBuildPhase section */

/* Begin PBXTargetDependency section */
		082781D224F0FEB5009885DD /* PBXTargetDependency */ = {
			isa = PBXTargetDependency;
			target = 082781B624F0FEB1009885DD /* NIBM COVID19 */;
			targetProxy = 082781D124F0FEB5009885DD /* PBXContainerItemProxy */;
		};
		082781DD24F0FEB5009885DD /* PBXTargetDependency */ = {
			isa = PBXTargetDependency;
			target = 082781B624F0FEB1009885DD /* NIBM COVID19 */;
			targetProxy = 082781DC24F0FEB5009885DD /* PBXContainerItemProxy */;
		};
/* End PBXTargetDependency section */

/* Begin PBXVariantGroup section */
		082781C824F0FEB4009885DD /* LaunchScreen.storyboard */ = {
			isa = PBXVariantGroup;
			children = (
				082781C924F0FEB4009885DD /* Base */,
			);
			name = LaunchScreen.storyboard;
			sourceTree = "<group>";
		};
/* End PBXVariantGroup section */

/* Begin XCBuildConfiguration section */
		082781E224F0FEB5009885DD /* Debug */ = {
			isa = XCBuildConfiguration;
			buildSettings = {
				ALWAYS_SEARCH_USER_PATHS = NO;
				CLANG_ANALYZER_NONNULL = YES;
				CLANG_ANALYZER_NUMBER_OBJECT_CONVERSION = YES_AGGRESSIVE;
				CLANG_CXX_LANGUAGE_STANDARD = "gnu++14";
				CLANG_CXX_LIBRARY = "libc++";
				CLANG_ENABLE_MODULES = YES;
				CLANG_ENABLE_OBJC_ARC = YES;
				CLANG_ENABLE_OBJC_WEAK = YES;
				CLANG_WARN_BLOCK_CAPTURE_AUTORELEASING = YES;
				CLANG_WARN_BOOL_CONVERSION = YES;
				CLANG_WARN_COMMA = YES;
				CLANG_WARN_CONSTANT_CONVERSION = YES;
				CLANG_WARN_DEPRECATED_OBJC_IMPLEMENTATIONS = YES;
				CLANG_WARN_DIRECT_OBJC_ISA_USAGE = YES_ERROR;
				CLANG_WARN_DOCUMENTATION_COMMENTS = YES;
				CLANG_WARN_EMPTY_BODY = YES;
				CLANG_WARN_ENUM_CONVERSION = YES;
				CLANG_WARN_INFINITE_RECURSION = YES;
				CLANG_WARN_INT_CONVERSION = YES;
				CLANG_WARN_NON_LITERAL_NULL_CONVERSION = YES;
				CLANG_WARN_OBJC_IMPLICIT_RETAIN_SELF = YES;
				CLANG_WARN_OBJC_LITERAL_CONVERSION = YES;
				CLANG_WARN_OBJC_ROOT_CLASS = YES_ERROR;
				CLANG_WARN_RANGE_LOOP_ANALYSIS = YES;
				CLANG_WARN_STRICT_PROTOTYPES = YES;
				CLANG_WARN_SUSPICIOUS_MOVE = YES;
				CLANG_WARN_UNGUARDED_AVAILABILITY = YES_AGGRESSIVE;
				CLANG_WARN_UNREACHABLE_CODE = YES;
				CLANG_WARN__DUPLICATE_METHOD_MATCH = YES;
				COPY_PHASE_STRIP = NO;
				DEBUG_INFORMATION_FORMAT = dwarf;
				ENABLE_STRICT_OBJC_MSGSEND = YES;
				ENABLE_TESTABILITY = YES;
				GCC_C_LANGUAGE_STANDARD = gnu11;
				GCC_DYNAMIC_NO_PIC = NO;
				GCC_NO_COMMON_BLOCKS = YES;
				GCC_OPTIMIZATION_LEVEL = 0;
				GCC_PREPROCESSOR_DEFINITIONS = (
					"DEBUG=1",
					"$(inherited)",
				);
				GCC_WARN_64_TO_32_BIT_CONVERSION = YES;
				GCC_WARN_ABOUT_RETURN_TYPE = YES_ERROR;
				GCC_WARN_UNDECLARED_SELECTOR = YES;
				GCC_WARN_UNINITIALIZED_AUTOS = YES_AGGRESSIVE;
				GCC_WARN_UNUSED_FUNCTION = YES;
				GCC_WARN_UNUSED_VARIABLE = YES;
				IPHONEOS_DEPLOYMENT_TARGET = 13.6;
				MTL_ENABLE_DEBUG_INFO = INCLUDE_SOURCE;
				MTL_FAST_MATH = YES;
				ONLY_ACTIVE_ARCH = YES;
				SDKROOT = iphoneos;
				SWIFT_ACTIVE_COMPILATION_CONDITIONS = DEBUG;
				SWIFT_OPTIMIZATION_LEVEL = "-Onone";
			};
			name = Debug;
		};
		082781E324F0FEB5009885DD /* Release */ = {
			isa = XCBuildConfiguration;
			buildSettings = {
				ALWAYS_SEARCH_USER_PATHS = NO;
				CLANG_ANALYZER_NONNULL = YES;
				CLANG_ANALYZER_NUMBER_OBJECT_CONVERSION = YES_AGGRESSIVE;
				CLANG_CXX_LANGUAGE_STANDARD = "gnu++14";
				CLANG_CXX_LIBRARY = "libc++";
				CLANG_ENABLE_MODULES = YES;
				CLANG_ENABLE_OBJC_ARC = YES;
				CLANG_ENABLE_OBJC_WEAK = YES;
				CLANG_WARN_BLOCK_CAPTURE_AUTORELEASING = YES;
				CLANG_WARN_BOOL_CONVERSION = YES;
				CLANG_WARN_COMMA = YES;
				CLANG_WARN_CONSTANT_CONVERSION = YES;
				CLANG_WARN_DEPRECATED_OBJC_IMPLEMENTATIONS = YES;
				CLANG_WARN_DIRECT_OBJC_ISA_USAGE = YES_ERROR;
				CLANG_WARN_DOCUMENTATION_COMMENTS = YES;
				CLANG_WARN_EMPTY_BODY = YES;
				CLANG_WARN_ENUM_CONVERSION = YES;
				CLANG_WARN_INFINITE_RECURSION = YES;
				CLANG_WARN_INT_CONVERSION = YES;
				CLANG_WARN_NON_LITERAL_NULL_CONVERSION = YES;
				CLANG_WARN_OBJC_IMPLICIT_RETAIN_SELF = YES;
				CLANG_WARN_OBJC_LITERAL_CONVERSION = YES;
				CLANG_WARN_OBJC_ROOT_CLASS = YES_ERROR;
				CLANG_WARN_RANGE_LOOP_ANALYSIS = YES;
				CLANG_WARN_STRICT_PROTOTYPES = YES;
				CLANG_WARN_SUSPICIOUS_MOVE = YES;
				CLANG_WARN_UNGUARDED_AVAILABILITY = YES_AGGRESSIVE;
				CLANG_WARN_UNREACHABLE_CODE = YES;
				CLANG_WARN__DUPLICATE_METHOD_MATCH = YES;
				COPY_PHASE_STRIP = NO;
				DEBUG_INFORMATION_FORMAT = "dwarf-with-dsym";
				ENABLE_NS_ASSERTIONS = NO;
				ENABLE_STRICT_OBJC_MSGSEND = YES;
				GCC_C_LANGUAGE_STANDARD = gnu11;
				GCC_NO_COMMON_BLOCKS = YES;
				GCC_WARN_64_TO_32_BIT_CONVERSION = YES;
				GCC_WARN_ABOUT_RETURN_TYPE = YES_ERROR;
				GCC_WARN_UNDECLARED_SELECTOR = YES;
				GCC_WARN_UNINITIALIZED_AUTOS = YES_AGGRESSIVE;
				GCC_WARN_UNUSED_FUNCTION = YES;
				GCC_WARN_UNUSED_VARIABLE = YES;
				IPHONEOS_DEPLOYMENT_TARGET = 13.6;
				MTL_ENABLE_DEBUG_INFO = NO;
				MTL_FAST_MATH = YES;
				SDKROOT = iphoneos;
				SWIFT_COMPILATION_MODE = wholemodule;
				SWIFT_OPTIMIZATION_LEVEL = "-O";
				VALIDATE_PRODUCT = YES;
			};
			name = Release;
		};
		082781E524F0FEB5009885DD /* Debug */ = {
			isa = XCBuildConfiguration;
			baseConfigurationReference = 60E9E9DBF79CA6A0152659A8 /* Pods-NIBM COVID19.debug.xcconfig */;
			buildSettings = {
				ASSETCATALOG_COMPILER_APPICON_NAME = AppIcon;
				CODE_SIGN_STYLE = Automatic;
				INFOPLIST_FILE = "NIBM COVID19/Info.plist";
				LD_RUNPATH_SEARCH_PATHS = (
					"$(inherited)",
					"@executable_path/Frameworks",
				);
				PRODUCT_BUNDLE_IDENTIFIER = "minsaf.NIBM-COVID19";
				PRODUCT_NAME = "$(TARGET_NAME)";
				SWIFT_VERSION = 5.0;
				TARGETED_DEVICE_FAMILY = "1,2";
			};
			name = Debug;
		};
		082781E624F0FEB5009885DD /* Release */ = {
			isa = XCBuildConfiguration;
			baseConfigurationReference = 69DD9CC9151B2B7AA33D0352 /* Pods-NIBM COVID19.release.xcconfig */;
			buildSettings = {
				ASSETCATALOG_COMPILER_APPICON_NAME = AppIcon;
				CODE_SIGN_STYLE = Automatic;
				INFOPLIST_FILE = "NIBM COVID19/Info.plist";
				LD_RUNPATH_SEARCH_PATHS = (
					"$(inherited)",
					"@executable_path/Frameworks",
				);
				PRODUCT_BUNDLE_IDENTIFIER = "minsaf.NIBM-COVID19";
				PRODUCT_NAME = "$(TARGET_NAME)";
				SWIFT_VERSION = 5.0;
				TARGETED_DEVICE_FAMILY = "1,2";
			};
			name = Release;
		};
		082781E824F0FEB5009885DD /* Debug */ = {
			isa = XCBuildConfiguration;
			baseConfigurationReference = D3C56305801510C02EE1606F /* Pods-NIBM COVID19Tests.debug.xcconfig */;
			buildSettings = {
				ALWAYS_EMBED_SWIFT_STANDARD_LIBRARIES = YES;
				BUNDLE_LOADER = "$(TEST_HOST)";
				CODE_SIGN_STYLE = Automatic;
				INFOPLIST_FILE = "NIBM COVID19Tests/Info.plist";
				IPHONEOS_DEPLOYMENT_TARGET = 13.6;
				LD_RUNPATH_SEARCH_PATHS = (
					"$(inherited)",
					"@executable_path/Frameworks",
					"@loader_path/Frameworks",
				);
				PRODUCT_BUNDLE_IDENTIFIER = "minsaf.NIBM-COVID19Tests";
				PRODUCT_NAME = "$(TARGET_NAME)";
				SWIFT_VERSION = 5.0;
				TARGETED_DEVICE_FAMILY = "1,2";
				TEST_HOST = "$(BUILT_PRODUCTS_DIR)/NIBM COVID19.app/NIBM COVID19";
			};
			name = Debug;
		};
		082781E924F0FEB5009885DD /* Release */ = {
			isa = XCBuildConfiguration;
			baseConfigurationReference = 0E2514DA5A2C16A2134C7A7C /* Pods-NIBM COVID19Tests.release.xcconfig */;
			buildSettings = {
				ALWAYS_EMBED_SWIFT_STANDARD_LIBRARIES = YES;
				BUNDLE_LOADER = "$(TEST_HOST)";
				CODE_SIGN_STYLE = Automatic;
				INFOPLIST_FILE = "NIBM COVID19Tests/Info.plist";
				IPHONEOS_DEPLOYMENT_TARGET = 13.6;
				LD_RUNPATH_SEARCH_PATHS = (
					"$(inherited)",
					"@executable_path/Frameworks",
					"@loader_path/Frameworks",
				);
				PRODUCT_BUNDLE_IDENTIFIER = "minsaf.NIBM-COVID19Tests";
				PRODUCT_NAME = "$(TARGET_NAME)";
				SWIFT_VERSION = 5.0;
				TARGETED_DEVICE_FAMILY = "1,2";
				TEST_HOST = "$(BUILT_PRODUCTS_DIR)/NIBM COVID19.app/NIBM COVID19";
			};
			name = Release;
		};
		082781EB24F0FEB5009885DD /* Debug */ = {
			isa = XCBuildConfiguration;
			baseConfigurationReference = 8D356673F3EA0F76EF01AB46 /* Pods-NIBM COVID19-NIBM COVID19UITests.debug.xcconfig */;
			buildSettings = {
				ALWAYS_EMBED_SWIFT_STANDARD_LIBRARIES = YES;
				CODE_SIGN_STYLE = Automatic;
				INFOPLIST_FILE = "NIBM COVID19UITests/Info.plist";
				LD_RUNPATH_SEARCH_PATHS = (
					"$(inherited)",
					"@executable_path/Frameworks",
					"@loader_path/Frameworks",
				);
				PRODUCT_BUNDLE_IDENTIFIER = "minsaf.NIBM-COVID19UITests";
				PRODUCT_NAME = "$(TARGET_NAME)";
				SWIFT_VERSION = 5.0;
				TARGETED_DEVICE_FAMILY = "1,2";
				TEST_TARGET_NAME = "NIBM COVID19";
			};
			name = Debug;
		};
		082781EC24F0FEB5009885DD /* Release */ = {
			isa = XCBuildConfiguration;
			baseConfigurationReference = 7C1C83DD3F2C42F1B25183B8 /* Pods-NIBM COVID19-NIBM COVID19UITests.release.xcconfig */;
			buildSettings = {
				ALWAYS_EMBED_SWIFT_STANDARD_LIBRARIES = YES;
				CODE_SIGN_STYLE = Automatic;
				INFOPLIST_FILE = "NIBM COVID19UITests/Info.plist";
				LD_RUNPATH_SEARCH_PATHS = (
					"$(inherited)",
					"@executable_path/Frameworks",
					"@loader_path/Frameworks",
				);
				PRODUCT_BUNDLE_IDENTIFIER = "minsaf.NIBM-COVID19UITests";
				PRODUCT_NAME = "$(TARGET_NAME)";
				SWIFT_VERSION = 5.0;
				TARGETED_DEVICE_FAMILY = "1,2";
				TEST_TARGET_NAME = "NIBM COVID19";
			};
			name = Release;
		};
/* End XCBuildConfiguration section */

/* Begin XCConfigurationList section */
		082781B224F0FEB1009885DD /* Build configuration list for PBXProject "NIBM COVID19" */ = {
			isa = XCConfigurationList;
			buildConfigurations = (
				082781E224F0FEB5009885DD /* Debug */,
				082781E324F0FEB5009885DD /* Release */,
			);
			defaultConfigurationIsVisible = 0;
			defaultConfigurationName = Release;
		};
		082781E424F0FEB5009885DD /* Build configuration list for PBXNativeTarget "NIBM COVID19" */ = {
			isa = XCConfigurationList;
			buildConfigurations = (
				082781E524F0FEB5009885DD /* Debug */,
				082781E624F0FEB5009885DD /* Release */,
			);
			defaultConfigurationIsVisible = 0;
			defaultConfigurationName = Release;
		};
		082781E724F0FEB5009885DD /* Build configuration list for PBXNativeTarget "NIBM COVID19Tests" */ = {
			isa = XCConfigurationList;
			buildConfigurations = (
				082781E824F0FEB5009885DD /* Debug */,
				082781E924F0FEB5009885DD /* Release */,
			);
			defaultConfigurationIsVisible = 0;
			defaultConfigurationName = Release;
		};
		082781EA24F0FEB5009885DD /* Build configuration list for PBXNativeTarget "NIBM COVID19UITests" */ = {
			isa = XCConfigurationList;
			buildConfigurations = (
				082781EB24F0FEB5009885DD /* Debug */,
				082781EC24F0FEB5009885DD /* Release */,
			);
			defaultConfigurationIsVisible = 0;
			defaultConfigurationName = Release;
		};
/* End XCConfigurationList section */

/* Begin XCVersionGroup section */
		082781C324F0FEB1009885DD /* NIBM_COVID19.xcdatamodeld */ = {
			isa = XCVersionGroup;
			children = (
				082781C424F0FEB1009885DD /* NIBM_COVID19.xcdatamodel */,
			);
			currentVersion = 082781C424F0FEB1009885DD /* NIBM_COVID19.xcdatamodel */;
			path = NIBM_COVID19.xcdatamodeld;
			sourceTree = "<group>";
			versionGroupType = wrapper.xcdatamodel;
		};
/* End XCVersionGroup section */
	};
	rootObject = 082781AF24F0FEB1009885DD /* Project object */;
}
